
Microsoft Visual Studio Solution File, Format Version 12.00
# Visual Studio Version 17
VisualStudioVersion = 17.11.35222.181
MinimumVisualStudioVersion = 10.0.40219.1
Project("{9A19103F-16F7-4668-BE54-9A1E7A4F7556}") = "CalculatorTest", "Calculator\CalculatorTest.csproj", "{1C0F809A-1DB9-44FB-943A-6FA037E392AB}"
EndProject
Project("{9A19103F-16F7-4668-BE54-9A1E7A4F7556}") = "Flight", "Flight\Flight.csproj", "{2A26BE6B-EF7F-45D0-AA84-9B6ED6C6E10C}"
EndProject
Project("{FAE04EC0-301F-11D3-BF4B-00C04F79EFBC}") = "Domain", "Domain\Domain.csproj", "{AFFE8D1F-0608-4048-A5BD-13B8B48A0363}"
EndProject
Project("{FAE04EC0-301F-11D3-BF4B-00C04F79EFBC}") = "Web", "Web\Web.csproj", "{843FC1B2-7E9E-4CD3-B4EA-C22F9F0F185D}"
EndProject
Global
	GlobalSection(SolutionConfigurationPlatforms) = preSolution
		Debug|Any CPU = Debug|Any CPU
		Release|Any CPU = Release|Any CPU
	EndGlobalSection
	GlobalSection(ProjectConfigurationPlatforms) = postSolution
		{1C0F809A-1DB9-44FB-943A-6FA037E392AB}.Debug|Any CPU.ActiveCfg = Debug|Any CPU
		{1C0F809A-1DB9-44FB-943A-6FA037E392AB}.Debug|Any CPU.Build.0 = Debug|Any CPU
		{1C0F809A-1DB9-44FB-943A-6FA037E392AB}.Release|Any CPU.ActiveCfg = Release|Any CPU
		{1C0F809A-1DB9-44FB-943A-6FA037E392AB}.Release|Any CPU.Build.0 = Release|Any CPU
		{2A26BE6B-EF7F-45D0-AA84-9B6ED6C6E10C}.Debug|Any CPU.ActiveCfg = Debug|Any CPU
		{2A26BE6B-EF7F-45D0-AA84-9B6ED6C6E10C}.Debug|Any CPU.Build.0 = Debug|Any CPU
		{2A26BE6B-EF7F-45D0-AA84-9B6ED6C6E10C}.Release|Any CPU.ActiveCfg = Release|Any CPU
		{2A26BE6B-EF7F-45D0-AA84-9B6ED6C6E10C}.Release|Any CPU.Build.0 = Release|Any CPU
		{AFFE8D1F-0608-4048-A5BD-13B8B48A0363}.Debug|Any CPU.ActiveCfg = Debug|Any CPU
		{AFFE8D1F-0608-4048-A5BD-13B8B48A0363}.Debug|Any CPU.Build.0 = Debug|Any CPU
		{AFFE8D1F-0608-4048-A5BD-13B8B48A0363}.Release|Any CPU.ActiveCfg = Release|Any CPU
		{AFFE8D1F-0608-4048-A5BD-13B8B48A0363}.Release|Any CPU.Build.0 = Release|Any CPU
		{843FC1B2-7E9E-4CD3-B4EA-C22F9F0F185D}.Debug|Any CPU.ActiveCfg = Debug|Any CPU
		{843FC1B2-7E9E-4CD3-B4EA-C22F9F0F185D}.Debug|Any CPU.Build.0 = Debug|Any CPU
		{843FC1B2-7E9E-4CD3-B4EA-C22F9F0F185D}.Release|Any CPU.ActiveCfg = Release|Any CPU
		{843FC1B2-7E9E-4CD3-B4EA-C22F9F0F185D}.Release|Any CPU.Build.0 = Release|Any CPU
	EndGlobalSection
	GlobalSection(SolutionProperties) = preSolution
		HideSolutionNode = FALSE
	EndGlobalSection
	GlobalSection(ExtensibilityGlobals) = postSolution
		SolutionGuid = {1CE1E5C1-F6C2-47DF-B398-70802AC5461E}
	EndGlobalSection
EndGlobal
