
Microsoft Visual Studio Solution File, Format Version 12.00
# Visual Studio Version 17
VisualStudioVersion = 17.11.35222.181
MinimumVisualStudioVersion = 10.0.40219.1
Project("{9A19103F-16F7-4668-BE54-9A1E7A4F7556}") = "CalculatorTest", "Calculator\CalculatorTest.csproj", "{1C0F809A-1DB9-44FB-943A-6FA037E392AB}"
EndProject
Project("{9A19103F-16F7-4668-BE54-9A1E7A4F7556}") = "Flight", "Flight\Flight.csproj", "{2A26BE6B-EF7F-45D0-AA84-9B6ED6C6E10C}"
EndProject
Project("{9A19103F-16F7-4668-BE54-9A1E7A4F7556}") = "Web", "Web\Web.csproj", "{843FC1B2-7E9E-4CD3-B4EA-C22F9F0F185D}"
EndProject
Project("{9A19103F-16F7-4668-BE54-9A1E7A4F7556}") = "Domain", "Domain\Domain.csproj", "{A818D417-6F48-498C-BB44-FB23157C4AF8}"
EndProject
Project("{9A19103F-16F7-4668-BE54-9A1E7A4F7556}") = "Domain.Tests", "Domain.Tests\Domain.Tests.csproj", "{9B0DF3EB-9390-40B5-8348-37FD1810857D}"
EndProject
Project("{FAE04EC0-301F-11D3-BF4B-00C04F79EFBC}") = "Application.Tests", "Application.Tests\Application.Tests.csproj", "{8FF00376-A95E-4EB5-A48E-3B67236171E3}"
EndProject
Project("{FAE04EC0-301F-11D3-BF4B-00C04F79EFBC}") = "Application", "Application\Application.csproj", "{190EB617-A042-408B-AB4E-711E6C17027A}"
EndProject
Project("{FAE04EC0-301F-11D3-BF4B-00C04F79EFBC}") = "Data", "Data\Data.csproj", "{C80BE525-496C-45C2-9B65-C16C1C9D4540}"
EndProject
Global
	GlobalSection(SolutionConfigurationPlatforms) = preSolution
		Debug|Any CPU = Debug|Any CPU
		Release|Any CPU = Release|Any CPU
	EndGlobalSection
	GlobalSection(ProjectConfigurationPlatforms) = postSolution
		{1C0F809A-1DB9-44FB-943A-6FA037E392AB}.Debug|Any CPU.ActiveCfg = Debug|Any CPU
		{1C0F809A-1DB9-44FB-943A-6FA037E392AB}.Debug|Any CPU.Build.0 = Debug|Any CPU
		{1C0F809A-1DB9-44FB-943A-6FA037E392AB}.Release|Any CPU.ActiveCfg = Release|Any CPU
		{1C0F809A-1DB9-44FB-943A-6FA037E392AB}.Release|Any CPU.Build.0 = Release|Any CPU
		{2A26BE6B-EF7F-45D0-AA84-9B6ED6C6E10C}.Debug|Any CPU.ActiveCfg = Debug|Any CPU
		{2A26BE6B-EF7F-45D0-AA84-9B6ED6C6E10C}.Debug|Any CPU.Build.0 = Debug|Any CPU
		{2A26BE6B-EF7F-45D0-AA84-9B6ED6C6E10C}.Release|Any CPU.ActiveCfg = Release|Any CPU
		{2A26BE6B-EF7F-45D0-AA84-9B6ED6C6E10C}.Release|Any CPU.Build.0 = Release|Any CPU
		{843FC1B2-7E9E-4CD3-B4EA-C22F9F0F185D}.Debug|Any CPU.ActiveCfg = Debug|Any CPU
		{843FC1B2-7E9E-4CD3-B4EA-C22F9F0F185D}.Debug|Any CPU.Build.0 = Debug|Any CPU
		{843FC1B2-7E9E-4CD3-B4EA-C22F9F0F185D}.Release|Any CPU.ActiveCfg = Release|Any CPU
		{843FC1B2-7E9E-4CD3-B4EA-C22F9F0F185D}.Release|Any CPU.Build.0 = Release|Any CPU
		{A818D417-6F48-498C-BB44-FB23157C4AF8}.Debug|Any CPU.ActiveCfg = Debug|Any CPU
		{A818D417-6F48-498C-BB44-FB23157C4AF8}.Debug|Any CPU.Build.0 = Debug|Any CPU
		{A818D417-6F48-498C-BB44-FB23157C4AF8}.Release|Any CPU.ActiveCfg = Release|Any CPU
		{A818D417-6F48-498C-BB44-FB23157C4AF8}.Release|Any CPU.Build.0 = Release|Any CPU
		{9B0DF3EB-9390-40B5-8348-37FD1810857D}.Debug|Any CPU.ActiveCfg = Debug|Any CPU
		{9B0DF3EB-9390-40B5-8348-37FD1810857D}.Debug|Any CPU.Build.0 = Debug|Any CPU
		{9B0DF3EB-9390-40B5-8348-37FD1810857D}.Release|Any CPU.ActiveCfg = Release|Any CPU
		{9B0DF3EB-9390-40B5-8348-37FD1810857D}.Release|Any CPU.Build.0 = Release|Any CPU
		{8FF00376-A95E-4EB5-A48E-3B67236171E3}.Debug|Any CPU.ActiveCfg = Debug|Any CPU
		{8FF00376-A95E-4EB5-A48E-3B67236171E3}.Debug|Any CPU.Build.0 = Debug|Any CPU
		{8FF00376-A95E-4EB5-A48E-3B67236171E3}.Release|Any CPU.ActiveCfg = Release|Any CPU
		{8FF00376-A95E-4EB5-A48E-3B67236171E3}.Release|Any CPU.Build.0 = Release|Any CPU
		{190EB617-A042-408B-AB4E-711E6C17027A}.Debug|Any CPU.ActiveCfg = Debug|Any CPU
		{190EB617-A042-408B-AB4E-711E6C17027A}.Debug|Any CPU.Build.0 = Debug|Any CPU
		{190EB617-A042-408B-AB4E-711E6C17027A}.Release|Any CPU.ActiveCfg = Release|Any CPU
		{190EB617-A042-408B-AB4E-711E6C17027A}.Release|Any CPU.Build.0 = Release|Any CPU
		{C80BE525-496C-45C2-9B65-C16C1C9D4540}.Debug|Any CPU.ActiveCfg = Debug|Any CPU
		{C80BE525-496C-45C2-9B65-C16C1C9D4540}.Debug|Any CPU.Build.0 = Debug|Any CPU
		{C80BE525-496C-45C2-9B65-C16C1C9D4540}.Release|Any CPU.ActiveCfg = Release|Any CPU
		{C80BE525-496C-45C2-9B65-C16C1C9D4540}.Release|Any CPU.Build.0 = Release|Any CPU
	EndGlobalSection
	GlobalSection(SolutionProperties) = preSolution
		HideSolutionNode = FALSE
	EndGlobalSection
	GlobalSection(ExtensibilityGlobals) = postSolution
		SolutionGuid = {1CE1E5C1-F6C2-47DF-B398-70802AC5461E}
	EndGlobalSection
EndGlobal
